
Microsoft Visual Studio Solution File, Format Version 12.00
# Visual Studio Version 16
VisualStudioVersion = 16.0.29519.181
MinimumVisualStudioVersion = 10.0.40219.1
Project("{2150E333-8FDC-42A3-9474-1A3956D46DE8}") = "Presentation", "Presentation", "{006B762A-2C9F-4EB0-BE11-C823CE91F742}"
EndProject
Project("{2150E333-8FDC-42A3-9474-1A3956D46DE8}") = "Infrastructure", "Infrastructure", "{F885DA20-F194-452A-BE9A-E4B8D001ECF0}"
EndProject
Project("{9A19103F-16F7-4668-BE54-9A1E7A4F7556}") = "CT.TcyAppAdmLog.Repository", "CT.TcyAppAdmLog.Repository\CT.TcyAppAdmLog.Repository.csproj", "{A1006E0F-DB8D-4BDD-A2BB-B8F8FE1A3F6D}"
EndProject
Project("{9A19103F-16F7-4668-BE54-9A1E7A4F7556}") = "CT.TcyAppAdmLog.WebApi", "CT.TcyAppAdmLog.WebApi\CT.TcyAppAdmLog.WebApi.csproj", "{5C126936-5079-4A5D-8B5A-24E9887F91DC}"
EndProject
Project("{9A19103F-16F7-4668-BE54-9A1E7A4F7556}") = "CT.TcyAppAdmLog.Config", "CT.TcyAppAdmLog.Config\CT.TcyAppAdmLog.Config.csproj", "{E70BE4CB-AAC2-4734-99DE-7BDA39770403}"
EndProject
Project("{9A19103F-16F7-4668-BE54-9A1E7A4F7556}") = "CT.TcyAppAdmLog.Framework", "CT.TcyAppAdmLog.Framework\CT.TcyAppAdmLog.Framework.csproj", "{BC62CABD-6DCC-4E52-B81E-DF034BC2EDD3}"
EndProject
Project("{9A19103F-16F7-4668-BE54-9A1E7A4F7556}") = "CT.TcyAppAdmLog.Common", "CT.TcyAppAdmLog.Common\CT.TcyAppAdmLog.Common.csproj", "{5C956FC4-8BB9-4419-87BE-F3CDE4CF4378}"
EndProject
Project("{2150E333-8FDC-42A3-9474-1A3956D46DE8}") = "Test", "Test", "{77C4FA26-E22A-449F-85D6-182394B1BED0}"
EndProject
Project("{2150E333-8FDC-42A3-9474-1A3956D46DE8}") = "Application", "Application", "{243AEAE7-147D-48E9-99A1-FD99E18BAD59}"
EndProject
Project("{9A19103F-16F7-4668-BE54-9A1E7A4F7556}") = "CT.TcyAppAdmLog.Application", "CT.TcyAppAdmLog.Application\CT.TcyAppAdmLog.Application.csproj", "{95D0E815-5CF2-4DD8-8640-9C9708BB15B4}"
EndProject
Project("{2150E333-8FDC-42A3-9474-1A3956D46DE8}") = "Service", "Service", "{52F1124E-A8E2-4F53-99F1-04E2E84C69F5}"
EndProject
Project("{9A19103F-16F7-4668-BE54-9A1E7A4F7556}") = "CT.TcyAppAdmLog.Service", "CT.TcyAppAdmLog.Service\CT.TcyAppAdmLog.Service.csproj", "{ABAF7839-F64F-4B0C-8D3C-103F9DE46B63}"
EndProject
Project("{9A19103F-16F7-4668-BE54-9A1E7A4F7556}") = "CT.TcyAppAdmLog.ServiceContract", "CT.TcyAppAdmLog.ServiceContract\CT.TcyAppAdmLog.ServiceContract.csproj", "{08E6F6D7-BD09-4EC8-A258-8840B118A245}"
EndProject
Project("{9A19103F-16F7-4668-BE54-9A1E7A4F7556}") = "CT.TcyAppAdmLog.ApplicationContract", "CT.TcyAppAdmLog.ApplicationContract\CT.TcyAppAdmLog.ApplicationContract.csproj", "{073F866A-0513-4C20-9AB5-9A12FCA3AC8D}"
EndProject
Project("{9A19103F-16F7-4668-BE54-9A1E7A4F7556}") = "CT.TcyAppAdmLog.Test", "CT.TcyAppAdmLog.Test\CT.TcyAppAdmLog.Test.csproj", "{CEE62E1A-E2D8-4245-9CEA-DB33992E545C}"
EndProject
Project("{2150E333-8FDC-42A3-9474-1A3956D46DE8}") = "Domain", "Domain", "{FDFC1C57-3F94-4225-A1EA-D3477F71F61F}"
EndProject
Project("{9A19103F-16F7-4668-BE54-9A1E7A4F7556}") = "CT.TcyAppAdmLog.Domain", "CT.TcyAppAdmLog.Domain\CT.TcyAppAdmLog.Domain.csproj", "{43933F2B-2E10-4A71-8879-DC4FFE81DD89}"
EndProject
Project("{9A19103F-16F7-4668-BE54-9A1E7A4F7556}") = "CT.TcyAppAdmLog.Domain.Core", "CT.TcyAppAdmLog.Domain.Core\CT.TcyAppAdmLog.Domain.Core.csproj", "{9B237A17-FAA3-49B5-9949-CFCA6175644C}"
EndProject
Project("{9A19103F-16F7-4668-BE54-9A1E7A4F7556}") = "CT.TcyAppAdmLog.Constant", "CT.TcyAppAdmLog.Constant\CT.TcyAppAdmLog.Constant.csproj", "{6553C77C-97BA-42CE-A7BF-1F60BF47753A}"
EndProject
Project("{9A19103F-16F7-4668-BE54-9A1E7A4F7556}") = "CT.TcyAppAdmLog.Model", "CT.TcyAppAdmLog.Model\CT.TcyAppAdmLog.Model.csproj", "{1EBE5F3A-9479-48E0-BA18-1E821DA3A36E}"
EndProject
Project("{2150E333-8FDC-42A3-9474-1A3956D46DE8}") = "Business", "Business", "{9A062F98-B9A9-4427-8285-B3AB1965B89C}"
EndProject
Project("{FAE04EC0-301F-11D3-BF4B-00C04F79EFBC}") = "CT.TcyAppAdmLog.Cache", "CT.TcyAppAdmLog.Cache\CT.TcyAppAdmLog.Cache.csproj", "{C2BF64CA-6324-4CBA-A543-B4D5D1D8DAC5}"
EndProject
Global
	GlobalSection(SolutionConfigurationPlatforms) = preSolution
		Debug|Any CPU = Debug|Any CPU
		Release|Any CPU = Release|Any CPU
	EndGlobalSection
	GlobalSection(ProjectConfigurationPlatforms) = postSolution
		{A1006E0F-DB8D-4BDD-A2BB-B8F8FE1A3F6D}.Debug|Any CPU.ActiveCfg = Debug|Any CPU
		{A1006E0F-DB8D-4BDD-A2BB-B8F8FE1A3F6D}.Debug|Any CPU.Build.0 = Debug|Any CPU
		{A1006E0F-DB8D-4BDD-A2BB-B8F8FE1A3F6D}.Release|Any CPU.ActiveCfg = Release|Any CPU
		{A1006E0F-DB8D-4BDD-A2BB-B8F8FE1A3F6D}.Release|Any CPU.Build.0 = Release|Any CPU
		{5C126936-5079-4A5D-8B5A-24E9887F91DC}.Debug|Any CPU.ActiveCfg = Debug|Any CPU
		{5C126936-5079-4A5D-8B5A-24E9887F91DC}.Debug|Any CPU.Build.0 = Debug|Any CPU
		{5C126936-5079-4A5D-8B5A-24E9887F91DC}.Release|Any CPU.ActiveCfg = Release|Any CPU
		{5C126936-5079-4A5D-8B5A-24E9887F91DC}.Release|Any CPU.Build.0 = Release|Any CPU
		{E70BE4CB-AAC2-4734-99DE-7BDA39770403}.Debug|Any CPU.ActiveCfg = Debug|Any CPU
		{E70BE4CB-AAC2-4734-99DE-7BDA39770403}.Debug|Any CPU.Build.0 = Debug|Any CPU
		{E70BE4CB-AAC2-4734-99DE-7BDA39770403}.Release|Any CPU.ActiveCfg = Release|Any CPU
		{E70BE4CB-AAC2-4734-99DE-7BDA39770403}.Release|Any CPU.Build.0 = Release|Any CPU
		{BC62CABD-6DCC-4E52-B81E-DF034BC2EDD3}.Debug|Any CPU.ActiveCfg = Debug|Any CPU
		{BC62CABD-6DCC-4E52-B81E-DF034BC2EDD3}.Debug|Any CPU.Build.0 = Debug|Any CPU
		{BC62CABD-6DCC-4E52-B81E-DF034BC2EDD3}.Release|Any CPU.ActiveCfg = Release|Any CPU
		{BC62CABD-6DCC-4E52-B81E-DF034BC2EDD3}.Release|Any CPU.Build.0 = Release|Any CPU
		{5C956FC4-8BB9-4419-87BE-F3CDE4CF4378}.Debug|Any CPU.ActiveCfg = Debug|Any CPU
		{5C956FC4-8BB9-4419-87BE-F3CDE4CF4378}.Debug|Any CPU.Build.0 = Debug|Any CPU
		{5C956FC4-8BB9-4419-87BE-F3CDE4CF4378}.Release|Any CPU.ActiveCfg = Release|Any CPU
		{5C956FC4-8BB9-4419-87BE-F3CDE4CF4378}.Release|Any CPU.Build.0 = Release|Any CPU
		{95D0E815-5CF2-4DD8-8640-9C9708BB15B4}.Debug|Any CPU.ActiveCfg = Debug|Any CPU
		{95D0E815-5CF2-4DD8-8640-9C9708BB15B4}.Debug|Any CPU.Build.0 = Debug|Any CPU
		{95D0E815-5CF2-4DD8-8640-9C9708BB15B4}.Release|Any CPU.ActiveCfg = Release|Any CPU
		{95D0E815-5CF2-4DD8-8640-9C9708BB15B4}.Release|Any CPU.Build.0 = Release|Any CPU
		{ABAF7839-F64F-4B0C-8D3C-103F9DE46B63}.Debug|Any CPU.ActiveCfg = Debug|Any CPU
		{ABAF7839-F64F-4B0C-8D3C-103F9DE46B63}.Debug|Any CPU.Build.0 = Debug|Any CPU
		{ABAF7839-F64F-4B0C-8D3C-103F9DE46B63}.Release|Any CPU.ActiveCfg = Release|Any CPU
		{ABAF7839-F64F-4B0C-8D3C-103F9DE46B63}.Release|Any CPU.Build.0 = Release|Any CPU
		{08E6F6D7-BD09-4EC8-A258-8840B118A245}.Debug|Any CPU.ActiveCfg = Debug|Any CPU
		{08E6F6D7-BD09-4EC8-A258-8840B118A245}.Debug|Any CPU.Build.0 = Debug|Any CPU
		{08E6F6D7-BD09-4EC8-A258-8840B118A245}.Release|Any CPU.ActiveCfg = Release|Any CPU
		{08E6F6D7-BD09-4EC8-A258-8840B118A245}.Release|Any CPU.Build.0 = Release|Any CPU
		{073F866A-0513-4C20-9AB5-9A12FCA3AC8D}.Debug|Any CPU.ActiveCfg = Debug|Any CPU
		{073F866A-0513-4C20-9AB5-9A12FCA3AC8D}.Debug|Any CPU.Build.0 = Debug|Any CPU
		{073F866A-0513-4C20-9AB5-9A12FCA3AC8D}.Release|Any CPU.ActiveCfg = Release|Any CPU
		{073F866A-0513-4C20-9AB5-9A12FCA3AC8D}.Release|Any CPU.Build.0 = Release|Any CPU
		{CEE62E1A-E2D8-4245-9CEA-DB33992E545C}.Debug|Any CPU.ActiveCfg = Debug|Any CPU
		{CEE62E1A-E2D8-4245-9CEA-DB33992E545C}.Debug|Any CPU.Build.0 = Debug|Any CPU
		{CEE62E1A-E2D8-4245-9CEA-DB33992E545C}.Release|Any CPU.ActiveCfg = Release|Any CPU
		{CEE62E1A-E2D8-4245-9CEA-DB33992E545C}.Release|Any CPU.Build.0 = Release|Any CPU
		{43933F2B-2E10-4A71-8879-DC4FFE81DD89}.Debug|Any CPU.ActiveCfg = Debug|Any CPU
		{43933F2B-2E10-4A71-8879-DC4FFE81DD89}.Debug|Any CPU.Build.0 = Debug|Any CPU
		{43933F2B-2E10-4A71-8879-DC4FFE81DD89}.Release|Any CPU.ActiveCfg = Release|Any CPU
		{43933F2B-2E10-4A71-8879-DC4FFE81DD89}.Release|Any CPU.Build.0 = Release|Any CPU
		{9B237A17-FAA3-49B5-9949-CFCA6175644C}.Debug|Any CPU.ActiveCfg = Debug|Any CPU
		{9B237A17-FAA3-49B5-9949-CFCA6175644C}.Debug|Any CPU.Build.0 = Debug|Any CPU
		{9B237A17-FAA3-49B5-9949-CFCA6175644C}.Release|Any CPU.ActiveCfg = Release|Any CPU
		{9B237A17-FAA3-49B5-9949-CFCA6175644C}.Release|Any CPU.Build.0 = Release|Any CPU
		{6553C77C-97BA-42CE-A7BF-1F60BF47753A}.Debug|Any CPU.ActiveCfg = Debug|Any CPU
		{6553C77C-97BA-42CE-A7BF-1F60BF47753A}.Debug|Any CPU.Build.0 = Debug|Any CPU
		{6553C77C-97BA-42CE-A7BF-1F60BF47753A}.Release|Any CPU.ActiveCfg = Release|Any CPU
		{6553C77C-97BA-42CE-A7BF-1F60BF47753A}.Release|Any CPU.Build.0 = Release|Any CPU
		{1EBE5F3A-9479-48E0-BA18-1E821DA3A36E}.Debug|Any CPU.ActiveCfg = Debug|Any CPU
		{1EBE5F3A-9479-48E0-BA18-1E821DA3A36E}.Debug|Any CPU.Build.0 = Debug|Any CPU
		{1EBE5F3A-9479-48E0-BA18-1E821DA3A36E}.Release|Any CPU.ActiveCfg = Release|Any CPU
		{1EBE5F3A-9479-48E0-BA18-1E821DA3A36E}.Release|Any CPU.Build.0 = Release|Any CPU
		{C2BF64CA-6324-4CBA-A543-B4D5D1D8DAC5}.Debug|Any CPU.ActiveCfg = Debug|Any CPU
		{C2BF64CA-6324-4CBA-A543-B4D5D1D8DAC5}.Debug|Any CPU.Build.0 = Debug|Any CPU
		{C2BF64CA-6324-4CBA-A543-B4D5D1D8DAC5}.Release|Any CPU.ActiveCfg = Release|Any CPU
		{C2BF64CA-6324-4CBA-A543-B4D5D1D8DAC5}.Release|Any CPU.Build.0 = Release|Any CPU
	EndGlobalSection
	GlobalSection(SolutionProperties) = preSolution
		HideSolutionNode = FALSE
	EndGlobalSection
	GlobalSection(NestedProjects) = preSolution
		{A1006E0F-DB8D-4BDD-A2BB-B8F8FE1A3F6D} = {F885DA20-F194-452A-BE9A-E4B8D001ECF0}
		{5C126936-5079-4A5D-8B5A-24E9887F91DC} = {006B762A-2C9F-4EB0-BE11-C823CE91F742}
		{E70BE4CB-AAC2-4734-99DE-7BDA39770403} = {F885DA20-F194-452A-BE9A-E4B8D001ECF0}
		{BC62CABD-6DCC-4E52-B81E-DF034BC2EDD3} = {F885DA20-F194-452A-BE9A-E4B8D001ECF0}
		{5C956FC4-8BB9-4419-87BE-F3CDE4CF4378} = {F885DA20-F194-452A-BE9A-E4B8D001ECF0}
		{243AEAE7-147D-48E9-99A1-FD99E18BAD59} = {9A062F98-B9A9-4427-8285-B3AB1965B89C}
		{95D0E815-5CF2-4DD8-8640-9C9708BB15B4} = {243AEAE7-147D-48E9-99A1-FD99E18BAD59}
		{52F1124E-A8E2-4F53-99F1-04E2E84C69F5} = {9A062F98-B9A9-4427-8285-B3AB1965B89C}
		{ABAF7839-F64F-4B0C-8D3C-103F9DE46B63} = {52F1124E-A8E2-4F53-99F1-04E2E84C69F5}
		{08E6F6D7-BD09-4EC8-A258-8840B118A245} = {52F1124E-A8E2-4F53-99F1-04E2E84C69F5}
		{073F866A-0513-4C20-9AB5-9A12FCA3AC8D} = {243AEAE7-147D-48E9-99A1-FD99E18BAD59}
		{CEE62E1A-E2D8-4245-9CEA-DB33992E545C} = {77C4FA26-E22A-449F-85D6-182394B1BED0}
		{43933F2B-2E10-4A71-8879-DC4FFE81DD89} = {FDFC1C57-3F94-4225-A1EA-D3477F71F61F}
		{9B237A17-FAA3-49B5-9949-CFCA6175644C} = {FDFC1C57-3F94-4225-A1EA-D3477F71F61F}
		{6553C77C-97BA-42CE-A7BF-1F60BF47753A} = {F885DA20-F194-452A-BE9A-E4B8D001ECF0}
		{1EBE5F3A-9479-48E0-BA18-1E821DA3A36E} = {F885DA20-F194-452A-BE9A-E4B8D001ECF0}
		{C2BF64CA-6324-4CBA-A543-B4D5D1D8DAC5} = {F885DA20-F194-452A-BE9A-E4B8D001ECF0}
	EndGlobalSection
	GlobalSection(ExtensibilityGlobals) = postSolution
		SolutionGuid = {9345C94E-B891-40EC-A482-3CABBA715DD4}
	EndGlobalSection
EndGlobal
